
Microsoft Visual Studio Solution File, Format Version 12.00
# Visual Studio Version 17
VisualStudioVersion = 17.9.34728.123
MinimumVisualStudioVersion = 10.0.40219.1
Project("{FAE04EC0-301F-11D3-BF4B-00C04F79EFBC}") = "Recupetorio-Gutierrez-Manuel", "Recupetorio-Gutierrez-Manuel\Recupetorio-Gutierrez-Manuel.csproj", "{3475CE5A-004D-41DE-8246-C759B1A0E555}"
EndProject
Global
	GlobalSection(SolutionConfigurationPlatforms) = preSolution
		Debug|Any CPU = Debug|Any CPU
		Release|Any CPU = Release|Any CPU
	EndGlobalSection
	GlobalSection(ProjectConfigurationPlatforms) = postSolution
		{3475CE5A-004D-41DE-8246-C759B1A0E555}.Debug|Any CPU.ActiveCfg = Debug|Any CPU
		{3475CE5A-004D-41DE-8246-C759B1A0E555}.Debug|Any CPU.Build.0 = Debug|Any CPU
		{3475CE5A-004D-41DE-8246-C759B1A0E555}.Release|Any CPU.ActiveCfg = Release|Any CPU
		{3475CE5A-004D-41DE-8246-C759B1A0E555}.Release|Any CPU.Build.0 = Release|Any CPU
	EndGlobalSection
	GlobalSection(SolutionProperties) = preSolution
		HideSolutionNode = FALSE
	EndGlobalSection
	GlobalSection(ExtensibilityGlobals) = postSolution
		SolutionGuid = {28AE0438-E535-47AB-8BA2-60668F3179D9}
	EndGlobalSection
EndGlobal
